packages:
  cluster_interconnect:
    revision: 1284def6c0b7f7e9355eb093d00883ad9dead1b7
    version: null
    source:
      Git: https://github.com/pulp-platform/cluster_interconnect.git
    dependencies:
    - common_cells
  common_cells:
    revision: c27bce39ebb2e6bae52f60960814a2afca7bd4cb
    version: 1.37.0
    source:
      Git: https://github.com/pulp-platform/common_cells.git
    dependencies:
    - common_verification
    - tech_cells_generic
  common_verification:
    revision: fa2630f61666f61d9d78451c4d8b4d1ea403944e
    version: 0.2.4
    source:
      Git: https://github.com/pulp-platform/common_verification.git
    dependencies: []
  hwpe-stream:
    revision: 65c99a4a2f37a79acee800ab0151f67dfb1edef1
    version: 1.8.0
    source:
      Git: https://github.com/pulp-platform/hwpe-stream.git
    dependencies:
    - tech_cells_generic
  l2_tcdm_hybrid_interco:
    revision: fa55e72859dcfb117a2788a77352193bef94ff2b
    version: 1.0.0
    source:
      Git: https://github.com/pulp-platform/L2_tcdm_hybrid_interco.git
    dependencies: []
  tech_cells_generic:
    revision: 7968dd6e6180df2c644636bc6d2908a49f2190cf
    version: 0.2.13
    source:
      Git: https://github.com/pulp-platform/tech_cells_generic.git
    dependencies:
    - common_verification
